
Microsoft Visual Studio Solution File, Format Version 12.00
# Visual Studio Version 17
VisualStudioVersion = 17.4.33213.308
MinimumVisualStudioVersion = 10.0.40219.1
Project("{2150E333-8FDC-42A3-9474-1A3956D46DE8}") = "UI", "UI", "{44BD0743-F008-4A82-A1CB-26671AB8D11D}"
EndProject
Project("{9A19103F-16F7-4668-BE54-9A1E7A4F7556}") = "PersonaServer.Web.UI", "UI\PersonaServer.Web.UI\PersonaServer.Web.UI.csproj", "{50AB946B-02A0-4BA9-AA14-4E052ED76C14}"
EndProject
Project("{2150E333-8FDC-42A3-9474-1A3956D46DE8}") = "Modules", "Modules", "{A20DB207-1CF0-4821-8B27-732F6880BCBD}"
EndProject
Project("{9A19103F-16F7-4668-BE54-9A1E7A4F7556}") = "PersonaServer.Modules.AccountManagement", "UI\PersonaServer.Modules.AccountManagement\PersonaServer.Modules.AccountManagement.csproj", "{DF80F398-A222-4E12-830C-9786B2E32377}"
EndProject
Project("{2150E333-8FDC-42A3-9474-1A3956D46DE8}") = "Stores", "Stores", "{ABAD6F11-6F8A-4A86-9896-F1745819E568}"
EndProject
Project("{9A19103F-16F7-4668-BE54-9A1E7A4F7556}") = "PersonaServer.Stores.Identity", "Stores\PersonaServer.Stores.Identity\PersonaServer.Stores.Identity.csproj", "{FC5F5C4A-7181-4298-AA6C-AB57A141DFA4}"
EndProject
Project("{9A19103F-16F7-4668-BE54-9A1E7A4F7556}") = "PersonaServer.Stores.Sso", "Stores\PersonaServer.Stores.Sso\PersonaServer.Stores.Sso.csproj", "{2FFCB152-49C5-4AF4-B2CC-E69BEAD7E67D}"
EndProject
Project("{2150E333-8FDC-42A3-9474-1A3956D46DE8}") = "Infrastructure", "Infrastructure", "{637252E7-5FE5-4BF9-881C-E382F1864B00}"
EndProject
Project("{9A19103F-16F7-4668-BE54-9A1E7A4F7556}") = "PersonaServer.Infrastructure.Persistence", "Infrastructure\PersonaServer.Infrastructure.Persistence\PersonaServer.Infrastructure.Persistence.csproj", "{29F9E27E-8FE8-469E-BC5C-A93066331F1F}"
EndProject
Project("{9A19103F-16F7-4668-BE54-9A1E7A4F7556}") = "PersonServer.Stores.Shared", "Stores\PersonServer.Stores.Shares\PersonServer.Stores.Shared.csproj", "{8B36CD2C-2D79-4C30-A231-9DC2EEBB918A}"
EndProject
Project("{9A19103F-16F7-4668-BE54-9A1E7A4F7556}") = "PersonaServer.Infrastructure.Identity", "Infrastructure\PersonaServer.Infrastructure.Identity\PersonaServer.Infrastructure.Identity.csproj", "{F3844AD3-42FF-43DA-B1D4-8301634EB63F}"
EndProject
Project("{9A19103F-16F7-4668-BE54-9A1E7A4F7556}") = "PersonaServer.Infrastructure.OpenIdDict", "Infrastructure\PersonaServer.Infrastructure.OpenIdDict\PersonaServer.Infrastructure.OpenIdDict.csproj", "{3EC26E17-DDE3-42B3-ABC9-AD77707D0075}"
EndProject
Global
	GlobalSection(SolutionConfigurationPlatforms) = preSolution
		Debug|Any CPU = Debug|Any CPU
		Release|Any CPU = Release|Any CPU
	EndGlobalSection
	GlobalSection(ProjectConfigurationPlatforms) = postSolution
		{50AB946B-02A0-4BA9-AA14-4E052ED76C14}.Debug|Any CPU.ActiveCfg = Debug|Any CPU
		{50AB946B-02A0-4BA9-AA14-4E052ED76C14}.Debug|Any CPU.Build.0 = Debug|Any CPU
		{50AB946B-02A0-4BA9-AA14-4E052ED76C14}.Release|Any CPU.ActiveCfg = Release|Any CPU
		{50AB946B-02A0-4BA9-AA14-4E052ED76C14}.Release|Any CPU.Build.0 = Release|Any CPU
		{DF80F398-A222-4E12-830C-9786B2E32377}.Debug|Any CPU.ActiveCfg = Debug|Any CPU
		{DF80F398-A222-4E12-830C-9786B2E32377}.Debug|Any CPU.Build.0 = Debug|Any CPU
		{DF80F398-A222-4E12-830C-9786B2E32377}.Release|Any CPU.ActiveCfg = Release|Any CPU
		{DF80F398-A222-4E12-830C-9786B2E32377}.Release|Any CPU.Build.0 = Release|Any CPU
		{FC5F5C4A-7181-4298-AA6C-AB57A141DFA4}.Debug|Any CPU.ActiveCfg = Debug|Any CPU
		{FC5F5C4A-7181-4298-AA6C-AB57A141DFA4}.Debug|Any CPU.Build.0 = Debug|Any CPU
		{FC5F5C4A-7181-4298-AA6C-AB57A141DFA4}.Release|Any CPU.ActiveCfg = Release|Any CPU
		{FC5F5C4A-7181-4298-AA6C-AB57A141DFA4}.Release|Any CPU.Build.0 = Release|Any CPU
		{2FFCB152-49C5-4AF4-B2CC-E69BEAD7E67D}.Debug|Any CPU.ActiveCfg = Debug|Any CPU
		{2FFCB152-49C5-4AF4-B2CC-E69BEAD7E67D}.Debug|Any CPU.Build.0 = Debug|Any CPU
		{2FFCB152-49C5-4AF4-B2CC-E69BEAD7E67D}.Release|Any CPU.ActiveCfg = Release|Any CPU
		{2FFCB152-49C5-4AF4-B2CC-E69BEAD7E67D}.Release|Any CPU.Build.0 = Release|Any CPU
		{29F9E27E-8FE8-469E-BC5C-A93066331F1F}.Debug|Any CPU.ActiveCfg = Debug|Any CPU
		{29F9E27E-8FE8-469E-BC5C-A93066331F1F}.Debug|Any CPU.Build.0 = Debug|Any CPU
		{29F9E27E-8FE8-469E-BC5C-A93066331F1F}.Release|Any CPU.ActiveCfg = Release|Any CPU
		{29F9E27E-8FE8-469E-BC5C-A93066331F1F}.Release|Any CPU.Build.0 = Release|Any CPU
		{8B36CD2C-2D79-4C30-A231-9DC2EEBB918A}.Debug|Any CPU.ActiveCfg = Debug|Any CPU
		{8B36CD2C-2D79-4C30-A231-9DC2EEBB918A}.Debug|Any CPU.Build.0 = Debug|Any CPU
		{8B36CD2C-2D79-4C30-A231-9DC2EEBB918A}.Release|Any CPU.ActiveCfg = Release|Any CPU
		{8B36CD2C-2D79-4C30-A231-9DC2EEBB918A}.Release|Any CPU.Build.0 = Release|Any CPU
		{F3844AD3-42FF-43DA-B1D4-8301634EB63F}.Debug|Any CPU.ActiveCfg = Debug|Any CPU
		{F3844AD3-42FF-43DA-B1D4-8301634EB63F}.Debug|Any CPU.Build.0 = Debug|Any CPU
		{F3844AD3-42FF-43DA-B1D4-8301634EB63F}.Release|Any CPU.ActiveCfg = Release|Any CPU
		{F3844AD3-42FF-43DA-B1D4-8301634EB63F}.Release|Any CPU.Build.0 = Release|Any CPU
		{3EC26E17-DDE3-42B3-ABC9-AD77707D0075}.Debug|Any CPU.ActiveCfg = Debug|Any CPU
		{3EC26E17-DDE3-42B3-ABC9-AD77707D0075}.Debug|Any CPU.Build.0 = Debug|Any CPU
		{3EC26E17-DDE3-42B3-ABC9-AD77707D0075}.Release|Any CPU.ActiveCfg = Release|Any CPU
		{3EC26E17-DDE3-42B3-ABC9-AD77707D0075}.Release|Any CPU.Build.0 = Release|Any CPU
	EndGlobalSection
	GlobalSection(SolutionProperties) = preSolution
		HideSolutionNode = FALSE
	EndGlobalSection
	GlobalSection(NestedProjects) = preSolution
		{50AB946B-02A0-4BA9-AA14-4E052ED76C14} = {44BD0743-F008-4A82-A1CB-26671AB8D11D}
		{A20DB207-1CF0-4821-8B27-732F6880BCBD} = {44BD0743-F008-4A82-A1CB-26671AB8D11D}
		{DF80F398-A222-4E12-830C-9786B2E32377} = {A20DB207-1CF0-4821-8B27-732F6880BCBD}
		{FC5F5C4A-7181-4298-AA6C-AB57A141DFA4} = {ABAD6F11-6F8A-4A86-9896-F1745819E568}
		{2FFCB152-49C5-4AF4-B2CC-E69BEAD7E67D} = {ABAD6F11-6F8A-4A86-9896-F1745819E568}
		{29F9E27E-8FE8-469E-BC5C-A93066331F1F} = {637252E7-5FE5-4BF9-881C-E382F1864B00}
		{8B36CD2C-2D79-4C30-A231-9DC2EEBB918A} = {ABAD6F11-6F8A-4A86-9896-F1745819E568}
		{F3844AD3-42FF-43DA-B1D4-8301634EB63F} = {637252E7-5FE5-4BF9-881C-E382F1864B00}
		{3EC26E17-DDE3-42B3-ABC9-AD77707D0075} = {637252E7-5FE5-4BF9-881C-E382F1864B00}
	EndGlobalSection
	GlobalSection(ExtensibilityGlobals) = postSolution
		SolutionGuid = {1D719C87-26BE-43FC-BC86-56F1099DDCEA}
	EndGlobalSection
EndGlobal
